
Microsoft Visual Studio Solution File, Format Version 12.00
# Visual Studio 15
VisualStudioVersion = 15.0.27428.2037
MinimumVisualStudioVersion = 10.0.40219.1
Project("{FAE04EC0-301F-11D3-BF4B-00C04F79EFBC}") = "Backend.SDK", "Backend.SDK\Backend.SDK.csproj", "{4BD6E152-2AAE-4733-A25B-8204F9CCAEC7}"
EndProject
Project("{FAE04EC0-301F-11D3-BF4B-00C04F79EFBC}") = "SDK.Test", "SDK.Test\SDK.Test.csproj", "{D1E036D7-E3E8-4896-89B6-955F691657BE}"
EndProject
Global
	GlobalSection(SolutionConfigurationPlatforms) = preSolution
		Debug|Any CPU = Debug|Any CPU
		Release|Any CPU = Release|Any CPU
	EndGlobalSection
	GlobalSection(ProjectConfigurationPlatforms) = postSolution
		{4BD6E152-2AAE-4733-A25B-8204F9CCAEC7}.Debug|Any CPU.ActiveCfg = Debug|Any CPU
		{4BD6E152-2AAE-4733-A25B-8204F9CCAEC7}.Debug|Any CPU.Build.0 = Debug|Any CPU
		{4BD6E152-2AAE-4733-A25B-8204F9CCAEC7}.Release|Any CPU.ActiveCfg = Release|Any CPU
		{4BD6E152-2AAE-4733-A25B-8204F9CCAEC7}.Release|Any CPU.Build.0 = Release|Any CPU
		{D1E036D7-E3E8-4896-89B6-955F691657BE}.Debug|Any CPU.ActiveCfg = Debug|Any CPU
		{D1E036D7-E3E8-4896-89B6-955F691657BE}.Debug|Any CPU.Build.0 = Debug|Any CPU
		{D1E036D7-E3E8-4896-89B6-955F691657BE}.Release|Any CPU.ActiveCfg = Release|Any CPU
		{D1E036D7-E3E8-4896-89B6-955F691657BE}.Release|Any CPU.Build.0 = Release|Any CPU
	EndGlobalSection
	GlobalSection(SolutionProperties) = preSolution
		HideSolutionNode = FALSE
	EndGlobalSection
	GlobalSection(ExtensibilityGlobals) = postSolution
		SolutionGuid = {0C9146FC-6E5F-4645-9B13-58C4EE95694C}
	EndGlobalSection
EndGlobal
